// !$*UTF8*$!
{
	archiveVersion = 1;
	classes = {
	};
	objectVersion = 50;
	objects = {

/* Begin PBXBuildFile section */
		A47CC9882632B80100DF21FE /* FlightNumberView.swift in Sources */ = {isa = PBXBuildFile; fileRef = A47CC9872632B80100DF21FE /* FlightNumberView.swift */; };
		A4B7CF6B2638276300778F64 /* Array + Index.swift in Sources */ = {isa = PBXBuildFile; fileRef = A4B7CF6A2638276300778F64 /* Array + Index.swift */; };
		A4B7CF6F263979CA00778F64 /* UserViewModel.swift in Sources */ = {isa = PBXBuildFile; fileRef = A4B7CF6E263979CA00778F64 /* UserViewModel.swift */; };
		A4B7CF7226397CB000778F64 /* UserModel.swift in Sources */ = {isa = PBXBuildFile; fileRef = A4B7CF7126397CB000778F64 /* UserModel.swift */; };
		A4B7CF7A2639ABF900778F64 /* SaveDataView.swift in Sources */ = {isa = PBXBuildFile; fileRef = A4B7CF792639ABF900778F64 /* SaveDataView.swift */; };
		A4D85E82262F0C2E002ED27D /* TCountApp.swift in Sources */ = {isa = PBXBuildFile; fileRef = A4D85E81262F0C2E002ED27D /* TCountApp.swift */; };
		A4D85E86262F0C31002ED27D /* Assets.xcassets in Resources */ = {isa = PBXBuildFile; fileRef = A4D85E85262F0C31002ED27D /* Assets.xcassets */; };
		A4D85E89262F0C31002ED27D /* Preview Assets.xcassets in Resources */ = {isa = PBXBuildFile; fileRef = A4D85E88262F0C31002ED27D /* Preview Assets.xcassets */; };
		A4D85E92262F0C8D002ED27D /* LogoView.swift in Sources */ = {isa = PBXBuildFile; fileRef = A4D85E91262F0C8D002ED27D /* LogoView.swift */; };
		A4D85E95262F0C95002ED27D /* AddSubtractButton.swift in Sources */ = {isa = PBXBuildFile; fileRef = A4D85E94262F0C95002ED27D /* AddSubtractButton.swift */; };
		A4D85E9E262F0D67002ED27D /* SectionModel.swift in Sources */ = {isa = PBXBuildFile; fileRef = A4D85E9D262F0D67002ED27D /* SectionModel.swift */; };
		A4D85EA1262F0E7A002ED27D /* CountViewModel.swift in Sources */ = {isa = PBXBuildFile; fileRef = A4D85EA0262F0E7A002ED27D /* CountViewModel.swift */; };
		A4D85EA6262F1CB7002ED27D /* SectionCountView.swift in Sources */ = {isa = PBXBuildFile; fileRef = A4D85EA5262F1CB7002ED27D /* SectionCountView.swift */; };
		A4D85EAB262F28F6002ED27D /* LoginView.swift in Sources */ = {isa = PBXBuildFile; fileRef = A4D85EAA262F28F6002ED27D /* LoginView.swift */; };
/* End PBXBuildFile section */

/* Begin PBXFileReference section */
		A47CC9872632B80100DF21FE /* FlightNumberView.swift */ = {isa = PBXFileReference; lastKnownFileType = sourcecode.swift; path = FlightNumberView.swift; sourceTree = "<group>"; };
		A4B7CF6A2638276300778F64 /* Array + Index.swift */ = {isa = PBXFileReference; lastKnownFileType = sourcecode.swift; path = "Array + Index.swift"; sourceTree = "<group>"; };
		A4B7CF6E263979CA00778F64 /* UserViewModel.swift */ = {isa = PBXFileReference; lastKnownFileType = sourcecode.swift; path = UserViewModel.swift; sourceTree = "<group>"; };
		A4B7CF7126397CB000778F64 /* UserModel.swift */ = {isa = PBXFileReference; lastKnownFileType = sourcecode.swift; path = UserModel.swift; sourceTree = "<group>"; };
		A4B7CF792639ABF900778F64 /* SaveDataView.swift */ = {isa = PBXFileReference; lastKnownFileType = sourcecode.swift; path = SaveDataView.swift; sourceTree = "<group>"; };
		A4D85E7E262F0C2E002ED27D /* TCount.app */ = {isa = PBXFileReference; explicitFileType = wrapper.application; includeInIndex = 0; path = TCount.app; sourceTree = BUILT_PRODUCTS_DIR; };
		A4D85E81262F0C2E002ED27D /* TCountApp.swift */ = {isa = PBXFileReference; lastKnownFileType = sourcecode.swift; path = TCountApp.swift; sourceTree = "<group>"; };
		A4D85E85262F0C31002ED27D /* Assets.xcassets */ = {isa = PBXFileReference; lastKnownFileType = folder.assetcatalog; path = Assets.xcassets; sourceTree = "<group>"; };
		A4D85E88262F0C31002ED27D /* Preview Assets.xcassets */ = {isa = PBXFileReference; lastKnownFileType = folder.assetcatalog; path = "Preview Assets.xcassets"; sourceTree = "<group>"; };
		A4D85E8A262F0C31002ED27D /* Info.plist */ = {isa = PBXFileReference; lastKnownFileType = text.plist.xml; path = Info.plist; sourceTree = "<group>"; };
		A4D85E91262F0C8D002ED27D /* LogoView.swift */ = {isa = PBXFileReference; fileEncoding = 4; lastKnownFileType = sourcecode.swift; path = LogoView.swift; sourceTree = "<group>"; };
		A4D85E94262F0C95002ED27D /* AddSubtractButton.swift */ = {isa = PBXFileReference; fileEncoding = 4; lastKnownFileType = sourcecode.swift; path = AddSubtractButton.swift; sourceTree = "<group>"; };
		A4D85E9D262F0D67002ED27D /* SectionModel.swift */ = {isa = PBXFileReference; lastKnownFileType = sourcecode.swift; path = SectionModel.swift; sourceTree = "<group>"; };
		A4D85EA0262F0E7A002ED27D /* CountViewModel.swift */ = {isa = PBXFileReference; lastKnownFileType = sourcecode.swift; path = CountViewModel.swift; sourceTree = "<group>"; };
		A4D85EA5262F1CB7002ED27D /* SectionCountView.swift */ = {isa = PBXFileReference; lastKnownFileType = sourcecode.swift; path = SectionCountView.swift; sourceTree = "<group>"; };
		A4D85EAA262F28F6002ED27D /* LoginView.swift */ = {isa = PBXFileReference; lastKnownFileType = sourcecode.swift; path = LoginView.swift; sourceTree = "<group>"; };
/* End PBXFileReference section */

/* Begin PBXFrameworksBuildPhase section */
		A4D85E7B262F0C2E002ED27D /* Frameworks */ = {
			isa = PBXFrameworksBuildPhase;
			buildActionMask = 2147483647;
			files = (
			);
			runOnlyForDeploymentPostprocessing = 0;
		};
/* End PBXFrameworksBuildPhase section */

/* Begin PBXGroup section */
		A4B7CF692638274200778F64 /* Extension */ = {
			isa = PBXGroup;
			children = (
				A4B7CF6A2638276300778F64 /* Array + Index.swift */,
			);
			path = Extension;
			sourceTree = "<group>";
		};
		A4D85E75262F0C2E002ED27D = {
			isa = PBXGroup;
			children = (
				A4D85E80262F0C2E002ED27D /* TCount */,
				A4D85E7F262F0C2E002ED27D /* Products */,
			);
			sourceTree = "<group>";
		};
		A4D85E7F262F0C2E002ED27D /* Products */ = {
			isa = PBXGroup;
			children = (
				A4D85E7E262F0C2E002ED27D /* TCount.app */,
			);
			name = Products;
			sourceTree = "<group>";
		};
		A4D85E80262F0C2E002ED27D /* TCount */ = {
			isa = PBXGroup;
			children = (
				A4D85E81262F0C2E002ED27D /* TCountApp.swift */,
				A4D85E9B262F0D34002ED27D /* View */,
				A4D85E9C262F0D44002ED27D /* ViewModel */,
				A4D85E9A262F0D2E002ED27D /* Model */,
				A4B7CF692638274200778F64 /* Extension */,
				A4D85E85262F0C31002ED27D /* Assets.xcassets */,
				A4D85E8A262F0C31002ED27D /* Info.plist */,
				A4D85E87262F0C31002ED27D /* Preview Content */,
			);
			path = TCount;
			sourceTree = "<group>";
		};
		A4D85E87262F0C31002ED27D /* Preview Content */ = {
			isa = PBXGroup;
			children = (
				A4D85E88262F0C31002ED27D /* Preview Assets.xcassets */,
			);
			path = "Preview Content";
			sourceTree = "<group>";
		};
		A4D85E9A262F0D2E002ED27D /* Model */ = {
			isa = PBXGroup;
			children = (
				A4D85E9D262F0D67002ED27D /* SectionModel.swift */,
				A4B7CF7126397CB000778F64 /* UserModel.swift */,
			);
			path = Model;
			sourceTree = "<group>";
		};
		A4D85E9B262F0D34002ED27D /* View */ = {
			isa = PBXGroup;
			children = (
				A4D85E91262F0C8D002ED27D /* LogoView.swift */,
				A4D85EAA262F28F6002ED27D /* LoginView.swift */,
				A47CC9872632B80100DF21FE /* FlightNumberView.swift */,
				A4D85EA5262F1CB7002ED27D /* SectionCountView.swift */,
				A4D85E94262F0C95002ED27D /* AddSubtractButton.swift */,
				A4B7CF792639ABF900778F64 /* SaveDataView.swift */,
			);
			path = View;
			sourceTree = "<group>";
		};
		A4D85E9C262F0D44002ED27D /* ViewModel */ = {
			isa = PBXGroup;
			children = (
				A4D85EA0262F0E7A002ED27D /* CountViewModel.swift */,
				A4B7CF6E263979CA00778F64 /* UserViewModel.swift */,
			);
			path = ViewModel;
			sourceTree = "<group>";
		};
/* End PBXGroup section */

/* Begin PBXNativeTarget section */
		A4D85E7D262F0C2E002ED27D /* TCount */ = {
			isa = PBXNativeTarget;
			buildConfigurationList = A4D85E8D262F0C31002ED27D /* Build configuration list for PBXNativeTarget "TCount" */;
			buildPhases = (
				A4D85E7A262F0C2E002ED27D /* Sources */,
				A4D85E7B262F0C2E002ED27D /* Frameworks */,
				A4D85E7C262F0C2E002ED27D /* Resources */,
			);
			buildRules = (
			);
			dependencies = (
			);
			name = TCount;
			productName = TCount;
			productReference = A4D85E7E262F0C2E002ED27D /* TCount.app */;
			productType = "com.apple.product-type.application";
		};
/* End PBXNativeTarget section */

/* Begin PBXProject section */
		A4D85E76262F0C2E002ED27D /* Project object */ = {
			isa = PBXProject;
			attributes = {
				LastSwiftUpdateCheck = 1240;
				LastUpgradeCheck = 1240;
				TargetAttributes = {
					A4D85E7D262F0C2E002ED27D = {
						CreatedOnToolsVersion = 12.4;
					};
				};
			};
			buildConfigurationList = A4D85E79262F0C2E002ED27D /* Build configuration list for PBXProject "TCount" */;
			compatibilityVersion = "Xcode 9.3";
			developmentRegion = en;
			hasScannedForEncodings = 0;
			knownRegions = (
				en,
				Base,
			);
			mainGroup = A4D85E75262F0C2E002ED27D;
			productRefGroup = A4D85E7F262F0C2E002ED27D /* Products */;
			projectDirPath = "";
			projectRoot = "";
			targets = (
				A4D85E7D262F0C2E002ED27D /* TCount */,
			);
		};
/* End PBXProject section */

/* Begin PBXResourcesBuildPhase section */
		A4D85E7C262F0C2E002ED27D /* Resources */ = {
			isa = PBXResourcesBuildPhase;
			buildActionMask = 2147483647;
			files = (
				A4D85E89262F0C31002ED27D /* Preview Assets.xcassets in Resources */,
				A4D85E86262F0C31002ED27D /* Assets.xcassets in Resources */,
			);
			runOnlyForDeploymentPostprocessing = 0;
		};
/* End PBXResourcesBuildPhase section */

/* Begin PBXSourcesBuildPhase section */
		A4D85E7A262F0C2E002ED27D /* Sources */ = {
			isa = PBXSourcesBuildPhase;
			buildActionMask = 2147483647;
			files = (
				A4D85E92262F0C8D002ED27D /* LogoView.swift in Sources */,
				A4B7CF6F263979CA00778F64 /* UserViewModel.swift in Sources */,
				A4D85EAB262F28F6002ED27D /* LoginView.swift in Sources */,
				A4B7CF6B2638276300778F64 /* Array + Index.swift in Sources */,
				A4D85EA1262F0E7A002ED27D /* CountViewModel.swift in Sources */,
				A4D85E82262F0C2E002ED27D /* TCountApp.swift in Sources */,
				A4D85E95262F0C95002ED27D /* AddSubtractButton.swift in Sources */,
				A4D85E9E262F0D67002ED27D /* SectionModel.swift in Sources */,
				A47CC9882632B80100DF21FE /* FlightNumberView.swift in Sources */,
				A4B7CF7226397CB000778F64 /* UserModel.swift in Sources */,
				A4D85EA6262F1CB7002ED27D /* SectionCountView.swift in Sources */,
				A4B7CF7A2639ABF900778F64 /* SaveDataView.swift in Sources */,
			);
			runOnlyForDeploymentPostprocessing = 0;
		};
/* End PBXSourcesBuildPhase section */

/* Begin XCBuildConfiguration section */
		A4D85E8B262F0C31002ED27D /* Debug */ = {
			isa = XCBuildConfiguration;
			buildSettings = {
				ALWAYS_SEARCH_USER_PATHS = NO;
				CLANG_ANALYZER_NONNULL = YES;
				CLANG_ANALYZER_NUMBER_OBJECT_CONVERSION = YES_AGGRESSIVE;
				CLANG_CXX_LANGUAGE_STANDARD = "gnu++14";
				CLANG_CXX_LIBRARY = "libc++";
				CLANG_ENABLE_MODULES = YES;
				CLANG_ENABLE_OBJC_ARC = YES;
				CLANG_ENABLE_OBJC_WEAK = YES;
				CLANG_WARN_BLOCK_CAPTURE_AUTORELEASING = YES;
				CLANG_WARN_BOOL_CONVERSION = YES;
				CLANG_WARN_COMMA = YES;
				CLANG_WARN_CONSTANT_CONVERSION = YES;
				CLANG_WARN_DEPRECATED_OBJC_IMPLEMENTATIONS = YES;
				CLANG_WARN_DIRECT_OBJC_ISA_USAGE = YES_ERROR;
				CLANG_WARN_DOCUMENTATION_COMMENTS = YES;
				CLANG_WARN_EMPTY_BODY = YES;
				CLANG_WARN_ENUM_CONVERSION = YES;
				CLANG_WARN_INFINITE_RECURSION = YES;
				CLANG_WARN_INT_CONVERSION = YES;
				CLANG_WARN_NON_LITERAL_NULL_CONVERSION = YES;
				CLANG_WARN_OBJC_IMPLICIT_RETAIN_SELF = YES;
				CLANG_WARN_OBJC_LITERAL_CONVERSION = YES;
				CLANG_WARN_OBJC_ROOT_CLASS = YES_ERROR;
				CLANG_WARN_QUOTED_INCLUDE_IN_FRAMEWORK_HEADER = YES;
				CLANG_WARN_RANGE_LOOP_ANALYSIS = YES;
				CLANG_WARN_STRICT_PROTOTYPES = YES;
				CLANG_WARN_SUSPICIOUS_MOVE = YES;
				CLANG_WARN_UNGUARDED_AVAILABILITY = YES_AGGRESSIVE;
				CLANG_WARN_UNREACHABLE_CODE = YES;
				CLANG_WARN__DUPLICATE_METHOD_MATCH = YES;
				COPY_PHASE_STRIP = NO;
				DEBUG_INFORMATION_FORMAT = dwarf;
				ENABLE_STRICT_OBJC_MSGSEND = YES;
				ENABLE_TESTABILITY = YES;
				GCC_C_LANGUAGE_STANDARD = gnu11;
				GCC_DYNAMIC_NO_PIC = NO;
				GCC_NO_COMMON_BLOCKS = YES;
				GCC_OPTIMIZATION_LEVEL = 0;
				GCC_PREPROCESSOR_DEFINITIONS = (
					"DEBUG=1",
					"$(inherited)",
				);
				GCC_WARN_64_TO_32_BIT_CONVERSION = YES;
				GCC_WARN_ABOUT_RETURN_TYPE = YES_ERROR;
				GCC_WARN_UNDECLARED_SELECTOR = YES;
				GCC_WARN_UNINITIALIZED_AUTOS = YES_AGGRESSIVE;
				GCC_WARN_UNUSED_FUNCTION = YES;
				GCC_WARN_UNUSED_VARIABLE = YES;
				IPHONEOS_DEPLOYMENT_TARGET = 14.4;
				MTL_ENABLE_DEBUG_INFO = INCLUDE_SOURCE;
				MTL_FAST_MATH = YES;
				ONLY_ACTIVE_ARCH = YES;
				SDKROOT = iphoneos;
				SWIFT_ACTIVE_COMPILATION_CONDITIONS = DEBUG;
				SWIFT_OPTIMIZATION_LEVEL = "-Onone";
			};
			name = Debug;
		};
		A4D85E8C262F0C31002ED27D /* Release */ = {
			isa = XCBuildConfiguration;
			buildSettings = {
				ALWAYS_SEARCH_USER_PATHS = NO;
				CLANG_ANALYZER_NONNULL = YES;
				CLANG_ANALYZER_NUMBER_OBJECT_CONVERSION = YES_AGGRESSIVE;
				CLANG_CXX_LANGUAGE_STANDARD = "gnu++14";
				CLANG_CXX_LIBRARY = "libc++";
				CLANG_ENABLE_MODULES = YES;
				CLANG_ENABLE_OBJC_ARC = YES;
				CLANG_ENABLE_OBJC_WEAK = YES;
				CLANG_WARN_BLOCK_CAPTURE_AUTORELEASING = YES;
				CLANG_WARN_BOOL_CONVERSION = YES;
				CLANG_WARN_COMMA = YES;
				CLANG_WARN_CONSTANT_CONVERSION = YES;
				CLANG_WARN_DEPRECATED_OBJC_IMPLEMENTATIONS = YES;
				CLANG_WARN_DIRECT_OBJC_ISA_USAGE = YES_ERROR;
				CLANG_WARN_DOCUMENTATION_COMMENTS = YES;
				CLANG_WARN_EMPTY_BODY = YES;
				CLANG_WARN_ENUM_CONVERSION = YES;
				CLANG_WARN_INFINITE_RECURSION = YES;
				CLANG_WARN_INT_CONVERSION = YES;
				CLANG_WARN_NON_LITERAL_NULL_CONVERSION = YES;
				CLANG_WARN_OBJC_IMPLICIT_RETAIN_SELF = YES;
				CLANG_WARN_OBJC_LITERAL_CONVERSION = YES;
				CLANG_WARN_OBJC_ROOT_CLASS = YES_ERROR;
				CLANG_WARN_QUOTED_INCLUDE_IN_FRAMEWORK_HEADER = YES;
				CLANG_WARN_RANGE_LOOP_ANALYSIS = YES;
				CLANG_WARN_STRICT_PROTOTYPES = YES;
				CLANG_WARN_SUSPICIOUS_MOVE = YES;
				CLANG_WARN_UNGUARDED_AVAILABILITY = YES_AGGRESSIVE;
				CLANG_WARN_UNREACHABLE_CODE = YES;
				CLANG_WARN__DUPLICATE_METHOD_MATCH = YES;
				COPY_PHASE_STRIP = NO;
				DEBUG_INFORMATION_FORMAT = "dwarf-with-dsym";
				ENABLE_NS_ASSERTIONS = NO;
				ENABLE_STRICT_OBJC_MSGSEND = YES;
				GCC_C_LANGUAGE_STANDARD = gnu11;
				GCC_NO_COMMON_BLOCKS = YES;
				GCC_WARN_64_TO_32_BIT_CONVERSION = YES;
				GCC_WARN_ABOUT_RETURN_TYPE = YES_ERROR;
				GCC_WARN_UNDECLARED_SELECTOR = YES;
				GCC_WARN_UNINITIALIZED_AUTOS = YES_AGGRESSIVE;
				GCC_WARN_UNUSED_FUNCTION = YES;
				GCC_WARN_UNUSED_VARIABLE = YES;
				IPHONEOS_DEPLOYMENT_TARGET = 14.4;
				MTL_ENABLE_DEBUG_INFO = NO;
				MTL_FAST_MATH = YES;
				SDKROOT = iphoneos;
				SWIFT_COMPILATION_MODE = wholemodule;
				SWIFT_OPTIMIZATION_LEVEL = "-O";
				VALIDATE_PRODUCT = YES;
			};
			name = Release;
		};
		A4D85E8E262F0C31002ED27D /* Debug */ = {
			isa = XCBuildConfiguration;
			buildSettings = {
				ASSETCATALOG_COMPILER_APPICON_NAME = AppIcon;
				ASSETCATALOG_COMPILER_GLOBAL_ACCENT_COLOR_NAME = AccentColor;
				CODE_SIGN_STYLE = Automatic;
				DEVELOPMENT_ASSET_PATHS = "\"TCount/Preview Content\"";
				DEVELOPMENT_TEAM = 2NC4H8R2UD;
				ENABLE_PREVIEWS = YES;
				INFOPLIST_FILE = TCount/Info.plist;
				IPHONEOS_DEPLOYMENT_TARGET = 14.0;
				LD_RUNPATH_SEARCH_PATHS = (
					"$(inherited)",
					"@executable_path/Frameworks",
				);
				PRODUCT_BUNDLE_IDENTIFIER = nl.appstimize.TCount;
				PRODUCT_NAME = "$(TARGET_NAME)";
				SWIFT_VERSION = 5.0;
				TARGETED_DEVICE_FAMILY = "1,2";
			};
			name = Debug;
		};
		A4D85E8F262F0C31002ED27D /* Release */ = {
			isa = XCBuildConfiguration;
			buildSettings = {
				ASSETCATALOG_COMPILER_APPICON_NAME = AppIcon;
				ASSETCATALOG_COMPILER_GLOBAL_ACCENT_COLOR_NAME = AccentColor;
				CODE_SIGN_STYLE = Automatic;
				DEVELOPMENT_ASSET_PATHS = "\"TCount/Preview Content\"";
				DEVELOPMENT_TEAM = 2NC4H8R2UD;
				ENABLE_PREVIEWS = YES;
				INFOPLIST_FILE = TCount/Info.plist;
				IPHONEOS_DEPLOYMENT_TARGET = 14.0;
				LD_RUNPATH_SEARCH_PATHS = (
					"$(inherited)",
					"@executable_path/Frameworks",
				);
				PRODUCT_BUNDLE_IDENTIFIER = nl.appstimize.TCount;
				PRODUCT_NAME = "$(TARGET_NAME)";
				SWIFT_VERSION = 5.0;
				TARGETED_DEVICE_FAMILY = "1,2";
			};
			name = Release;
		};
/* End XCBuildConfiguration section */

/* Begin XCConfigurationList section */
		A4D85E79262F0C2E002ED27D /* Build configuration list for PBXProject "TCount" */ = {
			isa = XCConfigurationList;
			buildConfigurations = (
				A4D85E8B262F0C31002ED27D /* Debug */,
				A4D85E8C262F0C31002ED27D /* Release */,
			);
			defaultConfigurationIsVisible = 0;
			defaultConfigurationName = Release;
		};
		A4D85E8D262F0C31002ED27D /* Build configuration list for PBXNativeTarget "TCount" */ = {
			isa = XCConfigurationList;
			buildConfigurations = (
				A4D85E8E262F0C31002ED27D /* Debug */,
				A4D85E8F262F0C31002ED27D /* Release */,
			);
			defaultConfigurationIsVisible = 0;
			defaultConfigurationName = Release;
		};
/* End XCConfigurationList section */
	};
	rootObject = A4D85E76262F0C2E002ED27D /* Project object */;
}
